
Microsoft Visual Studio Solution File, Format Version 12.00
# Visual Studio Version 16
VisualStudioVersion = 16.0.30907.101
MinimumVisualStudioVersion = 10.0.40219.1
Project("{FAE04EC0-301F-11D3-BF4B-00C04F79EFBC}") = "IteracionArreglos", "IteracionArreglos\IteracionArreglos.csproj", "{84A0BECA-A6CE-4D0B-ACC3-008764297F96}"
EndProject
Global
	GlobalSection(SolutionConfigurationPlatforms) = preSolution
		Debug|Any CPU = Debug|Any CPU
		Release|Any CPU = Release|Any CPU
	EndGlobalSection
	GlobalSection(ProjectConfigurationPlatforms) = postSolution
		{84A0BECA-A6CE-4D0B-ACC3-008764297F96}.Debug|Any CPU.ActiveCfg = Debug|Any CPU
		{84A0BECA-A6CE-4D0B-ACC3-008764297F96}.Debug|Any CPU.Build.0 = Debug|Any CPU
		{84A0BECA-A6CE-4D0B-ACC3-008764297F96}.Release|Any CPU.ActiveCfg = Release|Any CPU
		{84A0BECA-A6CE-4D0B-ACC3-008764297F96}.Release|Any CPU.Build.0 = Release|Any CPU
	EndGlobalSection
	GlobalSection(SolutionProperties) = preSolution
		HideSolutionNode = FALSE
	EndGlobalSection
	GlobalSection(ExtensibilityGlobals) = postSolution
		SolutionGuid = {834E77DC-C53B-4D62-8057-FC62C23DE181}
	EndGlobalSection
EndGlobal
