
Microsoft Visual Studio Solution File, Format Version 12.00
# Visual Studio Version 16
VisualStudioVersion = 16.0.30907.101
MinimumVisualStudioVersion = 10.0.40219.1
Project("{FAE04EC0-301F-11D3-BF4B-00C04F79EFBC}") = "ProyectoFinal", "ProyectoFinal\ProyectoFinal.csproj", "{16382AC1-9E2C-4C6B-9BB2-1AD8D368A7F8}"
EndProject
Global
	GlobalSection(SolutionConfigurationPlatforms) = preSolution
		Debug|Any CPU = Debug|Any CPU
		Release|Any CPU = Release|Any CPU
	EndGlobalSection
	GlobalSection(ProjectConfigurationPlatforms) = postSolution
		{16382AC1-9E2C-4C6B-9BB2-1AD8D368A7F8}.Debug|Any CPU.ActiveCfg = Debug|Any CPU
		{16382AC1-9E2C-4C6B-9BB2-1AD8D368A7F8}.Debug|Any CPU.Build.0 = Debug|Any CPU
		{16382AC1-9E2C-4C6B-9BB2-1AD8D368A7F8}.Release|Any CPU.ActiveCfg = Release|Any CPU
		{16382AC1-9E2C-4C6B-9BB2-1AD8D368A7F8}.Release|Any CPU.Build.0 = Release|Any CPU
	EndGlobalSection
	GlobalSection(SolutionProperties) = preSolution
		HideSolutionNode = FALSE
	EndGlobalSection
	GlobalSection(ExtensibilityGlobals) = postSolution
		SolutionGuid = {5D20EA2F-7934-455E-B9AC-71458CDDC706}
	EndGlobalSection
EndGlobal
