
Microsoft Visual Studio Solution File, Format Version 12.00
# Visual Studio Version 16
VisualStudioVersion = 16.0.30907.101
MinimumVisualStudioVersion = 10.0.40219.1
Project("{FAE04EC0-301F-11D3-BF4B-00C04F79EFBC}") = "Tablas de multiplicar", "Tablas de multiplicar\Tablas de multiplicar.csproj", "{AE2A34D3-D28E-4D78-801B-9E2DA5BC166A}"
EndProject
Global
	GlobalSection(SolutionConfigurationPlatforms) = preSolution
		Debug|Any CPU = Debug|Any CPU
		Release|Any CPU = Release|Any CPU
	EndGlobalSection
	GlobalSection(ProjectConfigurationPlatforms) = postSolution
		{AE2A34D3-D28E-4D78-801B-9E2DA5BC166A}.Debug|Any CPU.ActiveCfg = Debug|Any CPU
		{AE2A34D3-D28E-4D78-801B-9E2DA5BC166A}.Debug|Any CPU.Build.0 = Debug|Any CPU
		{AE2A34D3-D28E-4D78-801B-9E2DA5BC166A}.Release|Any CPU.ActiveCfg = Release|Any CPU
		{AE2A34D3-D28E-4D78-801B-9E2DA5BC166A}.Release|Any CPU.Build.0 = Release|Any CPU
	EndGlobalSection
	GlobalSection(SolutionProperties) = preSolution
		HideSolutionNode = FALSE
	EndGlobalSection
	GlobalSection(ExtensibilityGlobals) = postSolution
		SolutionGuid = {4B3EA666-1371-4D07-A2FC-D3376E02DF8F}
	EndGlobalSection
EndGlobal
