
Microsoft Visual Studio Solution File, Format Version 12.00
# Visual Studio Version 16
VisualStudioVersion = 16.0.30907.101
MinimumVisualStudioVersion = 10.0.40219.1
Project("{FAE04EC0-301F-11D3-BF4B-00C04F79EFBC}") = "Clases", "Clases\Clases.csproj", "{36EE9FDC-475A-4C0F-8E14-AEEA9C875914}"
EndProject
Global
	GlobalSection(SolutionConfigurationPlatforms) = preSolution
		Debug|Any CPU = Debug|Any CPU
		Release|Any CPU = Release|Any CPU
	EndGlobalSection
	GlobalSection(ProjectConfigurationPlatforms) = postSolution
		{36EE9FDC-475A-4C0F-8E14-AEEA9C875914}.Debug|Any CPU.ActiveCfg = Debug|Any CPU
		{36EE9FDC-475A-4C0F-8E14-AEEA9C875914}.Debug|Any CPU.Build.0 = Debug|Any CPU
		{36EE9FDC-475A-4C0F-8E14-AEEA9C875914}.Release|Any CPU.ActiveCfg = Release|Any CPU
		{36EE9FDC-475A-4C0F-8E14-AEEA9C875914}.Release|Any CPU.Build.0 = Release|Any CPU
	EndGlobalSection
	GlobalSection(SolutionProperties) = preSolution
		HideSolutionNode = FALSE
	EndGlobalSection
	GlobalSection(ExtensibilityGlobals) = postSolution
		SolutionGuid = {50076270-7DE3-4D53-AF0A-7A6B82F88385}
	EndGlobalSection
EndGlobal
