
Microsoft Visual Studio Solution File, Format Version 12.00
# Visual Studio Version 16
VisualStudioVersion = 16.0.30907.101
MinimumVisualStudioVersion = 10.0.40219.1
Project("{FAE04EC0-301F-11D3-BF4B-00C04F79EFBC}") = "SentenciasCondicionales", "SentenciasCondicionales\SentenciasCondicionales.csproj", "{D216DCE6-8243-48C6-AA3D-7BB32698A740}"
EndProject
Global
	GlobalSection(SolutionConfigurationPlatforms) = preSolution
		Debug|Any CPU = Debug|Any CPU
		Release|Any CPU = Release|Any CPU
	EndGlobalSection
	GlobalSection(ProjectConfigurationPlatforms) = postSolution
		{D216DCE6-8243-48C6-AA3D-7BB32698A740}.Debug|Any CPU.ActiveCfg = Debug|Any CPU
		{D216DCE6-8243-48C6-AA3D-7BB32698A740}.Debug|Any CPU.Build.0 = Debug|Any CPU
		{D216DCE6-8243-48C6-AA3D-7BB32698A740}.Release|Any CPU.ActiveCfg = Release|Any CPU
		{D216DCE6-8243-48C6-AA3D-7BB32698A740}.Release|Any CPU.Build.0 = Release|Any CPU
	EndGlobalSection
	GlobalSection(SolutionProperties) = preSolution
		HideSolutionNode = FALSE
	EndGlobalSection
	GlobalSection(ExtensibilityGlobals) = postSolution
		SolutionGuid = {7CBBEB68-B1C7-4108-B45B-7674D26141A4}
	EndGlobalSection
EndGlobal
