
Microsoft Visual Studio Solution File, Format Version 12.00
# Visual Studio Version 16
VisualStudioVersion = 16.0.30907.101
MinimumVisualStudioVersion = 10.0.40219.1
Project("{FAE04EC0-301F-11D3-BF4B-00C04F79EFBC}") = "Ciclos", "Ciclos\Ciclos.csproj", "{F8A43C4D-1031-407D-A7A2-B3C1AF38090B}"
EndProject
Global
	GlobalSection(SolutionConfigurationPlatforms) = preSolution
		Debug|Any CPU = Debug|Any CPU
		Release|Any CPU = Release|Any CPU
	EndGlobalSection
	GlobalSection(ProjectConfigurationPlatforms) = postSolution
		{F8A43C4D-1031-407D-A7A2-B3C1AF38090B}.Debug|Any CPU.ActiveCfg = Debug|Any CPU
		{F8A43C4D-1031-407D-A7A2-B3C1AF38090B}.Debug|Any CPU.Build.0 = Debug|Any CPU
		{F8A43C4D-1031-407D-A7A2-B3C1AF38090B}.Release|Any CPU.ActiveCfg = Release|Any CPU
		{F8A43C4D-1031-407D-A7A2-B3C1AF38090B}.Release|Any CPU.Build.0 = Release|Any CPU
	EndGlobalSection
	GlobalSection(SolutionProperties) = preSolution
		HideSolutionNode = FALSE
	EndGlobalSection
	GlobalSection(ExtensibilityGlobals) = postSolution
		SolutionGuid = {AA8BE0CC-3416-466D-8DE1-904CFCBCD0F0}
	EndGlobalSection
EndGlobal
